
Microsoft Visual Studio Solution File, Format Version 12.00
# Visual Studio Version 17
VisualStudioVersion = 17.11.35327.3
MinimumVisualStudioVersion = 10.0.40219.1
Project("{FAE04EC0-301F-11D3-BF4B-00C04F79EFBC}") = "Week 3 Challenge Labs.1", "Week 3 Challenge Labs.1.csproj", "{D6820862-D382-44B0-ABE6-8D7208BBABBF}"
EndProject
Global
	GlobalSection(SolutionConfigurationPlatforms) = preSolution
		Debug|Any CPU = Debug|Any CPU
		Release|Any CPU = Release|Any CPU
	EndGlobalSection
	GlobalSection(ProjectConfigurationPlatforms) = postSolution
		{D6820862-D382-44B0-ABE6-8D7208BBABBF}.Debug|Any CPU.ActiveCfg = Debug|Any CPU
		{D6820862-D382-44B0-ABE6-8D7208BBABBF}.Debug|Any CPU.Build.0 = Debug|Any CPU
		{D6820862-D382-44B0-ABE6-8D7208BBABBF}.Release|Any CPU.ActiveCfg = Release|Any CPU
		{D6820862-D382-44B0-ABE6-8D7208BBABBF}.Release|Any CPU.Build.0 = Release|Any CPU
	EndGlobalSection
	GlobalSection(SolutionProperties) = preSolution
		HideSolutionNode = FALSE
	EndGlobalSection
	GlobalSection(ExtensibilityGlobals) = postSolution
		SolutionGuid = {F204530E-D48F-43B5-9FC7-7102E7475E66}
	EndGlobalSection
EndGlobal
